
Microsoft Visual Studio Solution File, Format Version 12.00
# Visual Studio Version 16
VisualStudioVersion = 16.0.29509.3
MinimumVisualStudioVersion = 10.0.40219.1
Project("{FAE04EC0-301F-11D3-BF4B-00C04F79EFBC}") = "Homework_9", "Homework_9\Homework_9.csproj", "{1E57B622-BC42-447E-88FD-2072C7DAAF88}"
EndProject
Global
	GlobalSection(SolutionConfigurationPlatforms) = preSolution
		Debug|Any CPU = Debug|Any CPU
		Release|Any CPU = Release|Any CPU
	EndGlobalSection
	GlobalSection(ProjectConfigurationPlatforms) = postSolution
		{1E57B622-BC42-447E-88FD-2072C7DAAF88}.Debug|Any CPU.ActiveCfg = Debug|Any CPU
		{1E57B622-BC42-447E-88FD-2072C7DAAF88}.Debug|Any CPU.Build.0 = Debug|Any CPU
		{1E57B622-BC42-447E-88FD-2072C7DAAF88}.Release|Any CPU.ActiveCfg = Release|Any CPU
		{1E57B622-BC42-447E-88FD-2072C7DAAF88}.Release|Any CPU.Build.0 = Release|Any CPU
	EndGlobalSection
	GlobalSection(SolutionProperties) = preSolution
		HideSolutionNode = FALSE
	EndGlobalSection
	GlobalSection(ExtensibilityGlobals) = postSolution
		SolutionGuid = {F8E537EC-DADE-4560-A28D-1F107CB03C27}
	EndGlobalSection
EndGlobal
